
Microsoft Visual Studio Solution File, Format Version 12.00
# Visual Studio Version 17
VisualStudioVersion = 17.1.32421.90
MinimumVisualStudioVersion = 10.0.40219.1
Project("{FAE04EC0-301F-11D3-BF4B-00C04F79EFBC}") = "ekonomia_Hellwiga", "ekonomia_Hellwiga\ekonomia_Hellwiga.csproj", "{4135EE14-A46E-4199-9E14-B7B6D17CDF4E}"
EndProject
Global
	GlobalSection(SolutionConfigurationPlatforms) = preSolution
		Debug|Any CPU = Debug|Any CPU
		Release|Any CPU = Release|Any CPU
	EndGlobalSection
	GlobalSection(ProjectConfigurationPlatforms) = postSolution
		{4135EE14-A46E-4199-9E14-B7B6D17CDF4E}.Debug|Any CPU.ActiveCfg = Debug|Any CPU
		{4135EE14-A46E-4199-9E14-B7B6D17CDF4E}.Debug|Any CPU.Build.0 = Debug|Any CPU
		{4135EE14-A46E-4199-9E14-B7B6D17CDF4E}.Release|Any CPU.ActiveCfg = Release|Any CPU
		{4135EE14-A46E-4199-9E14-B7B6D17CDF4E}.Release|Any CPU.Build.0 = Release|Any CPU
	EndGlobalSection
	GlobalSection(SolutionProperties) = preSolution
		HideSolutionNode = FALSE
	EndGlobalSection
	GlobalSection(ExtensibilityGlobals) = postSolution
		SolutionGuid = {5C7771D9-C31A-4953-864E-84F4A292B387}
	EndGlobalSection
EndGlobal
